{
  "version": 1,
  "dependencies": {
    "net10.0": {
      "Catel.Analyzers": {
        "type": "Direct",
        "requested": "[7.0.0-alpha0322, )",
        "resolved": "7.0.0-alpha0322",
        "contentHash": "4/PrJ7+VKG3ngtntGdJcI9R5mv4Q9lC3AtO3e25i4OyKwB7t1L7qeVno/g/zO+l/brhW8kQ7O0b9ibCLMGEI2Q=="
      },
      "Catel.Core": {
        "type": "Direct",
        "requested": "[6.2.0-alpha0196, )",
        "resolved": "6.2.0-alpha0196",
        "contentHash": "cO+ley1eL9lPbP1fUeLjGSaRG1ul6Fa3SakW4LC4EB1fsnRsq00Qpon1CFiMLjVdNiBfk9B4qVt+ncmg5uLK5w==",
        "dependencies": {
          "System.Configuration.ConfigurationManager": "10.0.0"
        }
      },
      "Catel.Fody": {
        "type": "Direct",
        "requested": "[4.10.0, )",
        "resolved": "4.10.0",
        "contentHash": "cZtvXwFsfVMzEWXha7X33X+kEmmDDlAJsotuypmtJXgjSGJN6NCe/8hUd3N/ZhtLV9Z5OsNUW2xs/H9btfZ8Hw==",
        "dependencies": {
          "Fody": "6.9.2"
        }
      },
      "CatenaLogic.Analyzers": {
        "type": "Direct",
        "requested": "[1.5.0, )",
        "resolved": "1.5.0",
        "contentHash": "uBhAhVkEMMSFznzjo5ahaD+0y+4oXBZEMbQ0T/IvlehaQkLxIMAeaZS8HTL4barZVOWV63ctGhstwBDQEm5CnA=="
      },
      "EntityFramework": {
        "type": "Direct",
        "requested": "[6.5.1, )",
        "resolved": "6.5.1",
        "contentHash": "sQRP2lWg1i3aAGWqdliAM8zrGx7LHMUk+9/MoxUjwfTZYGMXvZ2JYZTlyTm1PqDxvn3c9E3U76TWDON7Y5+CVA==",
        "dependencies": {
          "System.CodeDom": "6.0.0",
          "System.ComponentModel.Annotations": "5.0.0",
          "System.Configuration.ConfigurationManager": "6.0.1",
          "System.Data.SqlClient": "4.8.6"
        }
      },
      "Fody": {
        "type": "Direct",
        "requested": "[6.9.3, )",
        "resolved": "6.9.3",
        "contentHash": "1CUGgFdyECDKgi5HaUBhdv6k+VG9Iy4OCforGfHyar3xQXAJypZkzymgKtWj/4SPd6nSG0Qi7NH71qHrDSZLaA=="
      },
      "IDisposableAnalyzers": {
        "type": "Direct",
        "requested": "[4.0.8, )",
        "resolved": "4.0.8",
        "contentHash": "vNi4NMG0CcJyjXxiNDcQ21FwV/whM9o9OEZKD+oP7tuxAqFEzX/x5OhC3OZJqW/w+8GOtCmJPBquYgMWgz0rfQ=="
      },
      "MethodTimer.Fody": {
        "type": "Direct",
        "requested": "[3.2.3, )",
        "resolved": "3.2.3",
        "contentHash": "1aa3NjixEUmsmdGzcCtcjSS83nDng79aSTwNe8PSWCkvuLRcEEEn2GvdJmM5ViIp8iIngFHjshM3EyzhaaOw0g==",
        "dependencies": {
          "Fody": "6.9.1"
        }
      },
      "Microsoft.AspNet.Identity.Core": {
        "type": "Direct",
        "requested": "[2.2.4, )",
        "resolved": "2.2.4",
        "contentHash": "s3u/o3iG5h0z7Ggukwo4soPwogD56ZrYbolGxTfw41zkuG6jAXUJT/V3EThqHJXGuCNvWSdSnnwAhPfT9Sn36g=="
      },
      "Microsoft.AspNet.Identity.EntityFramework": {
        "type": "Direct",
        "requested": "[2.2.4, )",
        "resolved": "2.2.4",
        "contentHash": "ay5FMSwNF0tb9KiC4l4aqm7D1E6Da9nU3euI/X0UD1SuumJX7OkZ9LtZjU9xT3xmou3XLXO8DDcgrW6udSQk6Q==",
        "dependencies": {
          "EntityFramework": "6.1.0",
          "Microsoft.AspNet.Identity.Core": "2.2.4"
        }
      },
      "NUnit.Analyzers": {
        "type": "Direct",
        "requested": "[4.15.0, )",
        "resolved": "4.15.0",
        "contentHash": "WbZpZI/gmrmTcb8JnP8poJBD4V6hJs2RRIQAmNxQ763t7RktZ/d6xxuU08XAd4K6SpnF0Bm02ADqL2wZ0CNIQA=="
      },
      "Obsolete.Fody": {
        "type": "Direct",
        "requested": "[5.3.1, )",
        "resolved": "5.3.1",
        "contentHash": "6R5IYsEK04D4komq1MAcN6psu0l7+OKXGw57ZDjXKHKstNl/xdCF2RSinq3raF72/iYsaLmyPzjEnv25Tm3uNA==",
        "dependencies": {
          "Fody": "6.9.1"
        }
      },
      "Orc.EntityFramework6": {
        "type": "Direct",
        "requested": "[5.1.0-alpha0813, )",
        "resolved": "5.1.0-alpha0813",
        "contentHash": "0QBPygfYC+nNt3cLsQApma05eaU3JSNY0Od19xj6eNlknDXsguSVGwPAK/nLToHfPhzgoCaFYLaqOGdHE7J87g==",
        "dependencies": {
          "Catel.Core": "6.2.0-alpha0196",
          "EntityFramework": "6.5.1"
        }
      },
      "Portable.Licensing": {
        "type": "Direct",
        "requested": "[1.1.0, )",
        "resolved": "1.1.0",
        "contentHash": "0DVAPvsfRzFluAQqij90UTcYXigoMR4oYEfX4cARzf3SBOIpdlFdooWKcFsNRskRb/R0Gkxp1Vzk2eKE2Oc6cw=="
      },
      "SourceLink.Copy.PdbFiles": {
        "type": "Direct",
        "requested": "[2.8.3, )",
        "resolved": "2.8.3",
        "contentHash": "cxlw1QHd/J7lOtSZ45VZMOsF/YSOlwZy0fCkauo9Ib9vOv+zGzjm9q3D8qGyMII0Zz1GSmli/oxhmUNuYUpc1g=="
      },
      "WpfAnalyzers": {
        "type": "Direct",
        "requested": "[4.1.1, )",
        "resolved": "4.1.1",
        "contentHash": "4+oLAk4gB4Wqn0ozKstB6fY9BafSU6c6GEgWjgOThyzHFBVqxihkS/1OmvEaYJnhjNUA/GOcZ6m2B7Xr2EePNw=="
      },
      "runtime.native.System.Data.SqlClient.sni": {
        "type": "Transitive",
        "resolved": "4.7.0",
        "contentHash": "9kyFSIdN3T0qjDQ2R0HRXYIhS3l5psBzQi6qqhdLz+SzFyEy4sVxNOke+yyYv8Cu8rPER12c3RDjLT8wF3WBYQ==",
        "dependencies": {
          "runtime.win-arm64.runtime.native.System.Data.SqlClient.sni": "4.4.0",
          "runtime.win-x64.runtime.native.System.Data.SqlClient.sni": "4.4.0",
          "runtime.win-x86.runtime.native.System.Data.SqlClient.sni": "4.4.0"
        }
      },
      "runtime.win-arm64.runtime.native.System.Data.SqlClient.sni": {
        "type": "Transitive",
        "resolved": "4.4.0",
        "contentHash": "LbrynESTp3bm5O/+jGL8v0Qg5SJlTV08lpIpFesXjF6uGNMWqFnUQbYBJwZTeua6E/Y7FIM1C54Ey1btLWupdg=="
      },
      "runtime.win-x64.runtime.native.System.Data.SqlClient.sni": {
        "type": "Transitive",
        "resolved": "4.4.0",
        "contentHash": "38ugOfkYJqJoX9g6EYRlZB5U2ZJH51UP8ptxZgdpS07FgOEToV+lS11ouNK2PM12Pr6X/PpT5jK82G3DwH/SxQ=="
      },
      "runtime.win-x86.runtime.native.System.Data.SqlClient.sni": {
        "type": "Transitive",
        "resolved": "4.4.0",
        "contentHash": "YhEdSQUsTx+C8m8Bw7ar5/VesXvCFMItyZF7G1AUY+OM0VPZUOeAVpJ4Wl6fydBGUYZxojTDR3I6Bj/+BPkJNA=="
      },
      "System.CodeDom": {
        "type": "Transitive",
        "resolved": "6.0.0",
        "contentHash": "CPc6tWO1LAer3IzfZufDBRL+UZQcj5uS207NHALQzP84Vp/z6wF0Aa0YZImOQY8iStY0A2zI/e3ihKNPfUm8XA=="
      },
      "System.ComponentModel.Annotations": {
        "type": "Transitive",
        "resolved": "5.0.0",
        "contentHash": "dMkqfy2el8A8/I76n2Hi1oBFEbG1SfxD2l5nhwXV3XjlnOmwxJlQbYpJH4W51odnU9sARCSAgv7S3CyAFMkpYg=="
      },
      "System.Configuration.ConfigurationManager": {
        "type": "Transitive",
        "resolved": "10.0.0",
        "contentHash": "0B+BzJ6pPMrRzJrVsttKf9MfDj6Syw9xoY+agcS9VssYQali1446+jTf5v1K94AMFUBxLXqDZlaTjO5edaI3jA==",
        "dependencies": {
          "System.Diagnostics.EventLog": "10.0.0",
          "System.Security.Cryptography.ProtectedData": "10.0.0"
        }
      },
      "System.Data.SqlClient": {
        "type": "Transitive",
        "resolved": "4.8.6",
        "contentHash": "2Ij/LCaTQRyAi5lAv7UUTV9R2FobC8xN9mE0fXBZohum/xLl8IZVmE98Rq5ugQHjCgTBRKqpXRb4ORulRdA6Ig==",
        "dependencies": {
          "runtime.native.System.Data.SqlClient.sni": "4.7.0"
        }
      },
      "System.Diagnostics.EventLog": {
        "type": "Transitive",
        "resolved": "10.0.0",
        "contentHash": "uaFRda9NjtbJRkdx311eXlAA3n2em7223c1A8d1VWyl+4FL9vkG7y2lpPfBU9HYdj/9KgdRNdn1vFK8ZYCYT/A=="
      },
      "System.Security.Cryptography.ProtectedData": {
        "type": "Transitive",
        "resolved": "10.0.0",
        "contentHash": "qy6C3gQRTrfhFfuiIYU1jNwWfFdJpBVo1BARW7jgMm1zTEm3LRzLLyOLJGaAuKE+nZCGkEP71y4rj9NWjqLGdQ=="
      }
    },
    "net8.0": {
      "Catel.Analyzers": {
        "type": "Direct",
        "requested": "[7.0.0-alpha0322, )",
        "resolved": "7.0.0-alpha0322",
        "contentHash": "4/PrJ7+VKG3ngtntGdJcI9R5mv4Q9lC3AtO3e25i4OyKwB7t1L7qeVno/g/zO+l/brhW8kQ7O0b9ibCLMGEI2Q=="
      },
      "Catel.Core": {
        "type": "Direct",
        "requested": "[6.2.0-alpha0196, )",
        "resolved": "6.2.0-alpha0196",
        "contentHash": "cO+ley1eL9lPbP1fUeLjGSaRG1ul6Fa3SakW4LC4EB1fsnRsq00Qpon1CFiMLjVdNiBfk9B4qVt+ncmg5uLK5w==",
        "dependencies": {
          "System.Configuration.ConfigurationManager": "8.0.1"
        }
      },
      "Catel.Fody": {
        "type": "Direct",
        "requested": "[4.10.0, )",
        "resolved": "4.10.0",
        "contentHash": "cZtvXwFsfVMzEWXha7X33X+kEmmDDlAJsotuypmtJXgjSGJN6NCe/8hUd3N/ZhtLV9Z5OsNUW2xs/H9btfZ8Hw==",
        "dependencies": {
          "Fody": "6.9.2"
        }
      },
      "CatenaLogic.Analyzers": {
        "type": "Direct",
        "requested": "[1.5.0, )",
        "resolved": "1.5.0",
        "contentHash": "uBhAhVkEMMSFznzjo5ahaD+0y+4oXBZEMbQ0T/IvlehaQkLxIMAeaZS8HTL4barZVOWV63ctGhstwBDQEm5CnA=="
      },
      "EntityFramework": {
        "type": "Direct",
        "requested": "[6.5.1, )",
        "resolved": "6.5.1",
        "contentHash": "sQRP2lWg1i3aAGWqdliAM8zrGx7LHMUk+9/MoxUjwfTZYGMXvZ2JYZTlyTm1PqDxvn3c9E3U76TWDON7Y5+CVA==",
        "dependencies": {
          "System.CodeDom": "6.0.0",
          "System.Configuration.ConfigurationManager": "6.0.1",
          "System.Data.SqlClient": "4.8.6"
        }
      },
      "Fody": {
        "type": "Direct",
        "requested": "[6.9.3, )",
        "resolved": "6.9.3",
        "contentHash": "1CUGgFdyECDKgi5HaUBhdv6k+VG9Iy4OCforGfHyar3xQXAJypZkzymgKtWj/4SPd6nSG0Qi7NH71qHrDSZLaA=="
      },
      "IDisposableAnalyzers": {
        "type": "Direct",
        "requested": "[4.0.8, )",
        "resolved": "4.0.8",
        "contentHash": "vNi4NMG0CcJyjXxiNDcQ21FwV/whM9o9OEZKD+oP7tuxAqFEzX/x5OhC3OZJqW/w+8GOtCmJPBquYgMWgz0rfQ=="
      },
      "MethodTimer.Fody": {
        "type": "Direct",
        "requested": "[3.2.3, )",
        "resolved": "3.2.3",
        "contentHash": "1aa3NjixEUmsmdGzcCtcjSS83nDng79aSTwNe8PSWCkvuLRcEEEn2GvdJmM5ViIp8iIngFHjshM3EyzhaaOw0g==",
        "dependencies": {
          "Fody": "6.9.1"
        }
      },
      "Microsoft.AspNet.Identity.Core": {
        "type": "Direct",
        "requested": "[2.2.4, )",
        "resolved": "2.2.4",
        "contentHash": "s3u/o3iG5h0z7Ggukwo4soPwogD56ZrYbolGxTfw41zkuG6jAXUJT/V3EThqHJXGuCNvWSdSnnwAhPfT9Sn36g=="
      },
      "Microsoft.AspNet.Identity.EntityFramework": {
        "type": "Direct",
        "requested": "[2.2.4, )",
        "resolved": "2.2.4",
        "contentHash": "ay5FMSwNF0tb9KiC4l4aqm7D1E6Da9nU3euI/X0UD1SuumJX7OkZ9LtZjU9xT3xmou3XLXO8DDcgrW6udSQk6Q==",
        "dependencies": {
          "EntityFramework": "6.1.0",
          "Microsoft.AspNet.Identity.Core": "2.2.4"
        }
      },
      "NUnit.Analyzers": {
        "type": "Direct",
        "requested": "[4.15.0, )",
        "resolved": "4.15.0",
        "contentHash": "WbZpZI/gmrmTcb8JnP8poJBD4V6hJs2RRIQAmNxQ763t7RktZ/d6xxuU08XAd4K6SpnF0Bm02ADqL2wZ0CNIQA=="
      },
      "Obsolete.Fody": {
        "type": "Direct",
        "requested": "[5.3.1, )",
        "resolved": "5.3.1",
        "contentHash": "6R5IYsEK04D4komq1MAcN6psu0l7+OKXGw57ZDjXKHKstNl/xdCF2RSinq3raF72/iYsaLmyPzjEnv25Tm3uNA==",
        "dependencies": {
          "Fody": "6.9.1"
        }
      },
      "Orc.EntityFramework6": {
        "type": "Direct",
        "requested": "[5.1.0-alpha0813, )",
        "resolved": "5.1.0-alpha0813",
        "contentHash": "0QBPygfYC+nNt3cLsQApma05eaU3JSNY0Od19xj6eNlknDXsguSVGwPAK/nLToHfPhzgoCaFYLaqOGdHE7J87g==",
        "dependencies": {
          "Catel.Core": "6.2.0-alpha0196",
          "EntityFramework": "6.5.1"
        }
      },
      "Portable.Licensing": {
        "type": "Direct",
        "requested": "[1.1.0, )",
        "resolved": "1.1.0",
        "contentHash": "0DVAPvsfRzFluAQqij90UTcYXigoMR4oYEfX4cARzf3SBOIpdlFdooWKcFsNRskRb/R0Gkxp1Vzk2eKE2Oc6cw=="
      },
      "SourceLink.Copy.PdbFiles": {
        "type": "Direct",
        "requested": "[2.8.3, )",
        "resolved": "2.8.3",
        "contentHash": "cxlw1QHd/J7lOtSZ45VZMOsF/YSOlwZy0fCkauo9Ib9vOv+zGzjm9q3D8qGyMII0Zz1GSmli/oxhmUNuYUpc1g=="
      },
      "WpfAnalyzers": {
        "type": "Direct",
        "requested": "[4.1.1, )",
        "resolved": "4.1.1",
        "contentHash": "4+oLAk4gB4Wqn0ozKstB6fY9BafSU6c6GEgWjgOThyzHFBVqxihkS/1OmvEaYJnhjNUA/GOcZ6m2B7Xr2EePNw=="
      },
      "runtime.native.System.Data.SqlClient.sni": {
        "type": "Transitive",
        "resolved": "4.7.0",
        "contentHash": "9kyFSIdN3T0qjDQ2R0HRXYIhS3l5psBzQi6qqhdLz+SzFyEy4sVxNOke+yyYv8Cu8rPER12c3RDjLT8wF3WBYQ==",
        "dependencies": {
          "runtime.win-arm64.runtime.native.System.Data.SqlClient.sni": "4.4.0",
          "runtime.win-x64.runtime.native.System.Data.SqlClient.sni": "4.4.0",
          "runtime.win-x86.runtime.native.System.Data.SqlClient.sni": "4.4.0"
        }
      },
      "runtime.win-arm64.runtime.native.System.Data.SqlClient.sni": {
        "type": "Transitive",
        "resolved": "4.4.0",
        "contentHash": "LbrynESTp3bm5O/+jGL8v0Qg5SJlTV08lpIpFesXjF6uGNMWqFnUQbYBJwZTeua6E/Y7FIM1C54Ey1btLWupdg=="
      },
      "runtime.win-x64.runtime.native.System.Data.SqlClient.sni": {
        "type": "Transitive",
        "resolved": "4.4.0",
        "contentHash": "38ugOfkYJqJoX9g6EYRlZB5U2ZJH51UP8ptxZgdpS07FgOEToV+lS11ouNK2PM12Pr6X/PpT5jK82G3DwH/SxQ=="
      },
      "runtime.win-x86.runtime.native.System.Data.SqlClient.sni": {
        "type": "Transitive",
        "resolved": "4.4.0",
        "contentHash": "YhEdSQUsTx+C8m8Bw7ar5/VesXvCFMItyZF7G1AUY+OM0VPZUOeAVpJ4Wl6fydBGUYZxojTDR3I6Bj/+BPkJNA=="
      },
      "System.CodeDom": {
        "type": "Transitive",
        "resolved": "6.0.0",
        "contentHash": "CPc6tWO1LAer3IzfZufDBRL+UZQcj5uS207NHALQzP84Vp/z6wF0Aa0YZImOQY8iStY0A2zI/e3ihKNPfUm8XA=="
      },
      "System.Configuration.ConfigurationManager": {
        "type": "Transitive",
        "resolved": "8.0.1",
        "contentHash": "gPYFPDyohW2gXNhdQRSjtmeS6FymL2crg4Sral1wtvEJ7DUqFCDWDVbbLobASbzxfic8U1hQEdC7hmg9LHncMw==",
        "dependencies": {
          "System.Diagnostics.EventLog": "8.0.1",
          "System.Security.Cryptography.ProtectedData": "8.0.0"
        }
      },
      "System.Data.SqlClient": {
        "type": "Transitive",
        "resolved": "4.8.6",
        "contentHash": "2Ij/LCaTQRyAi5lAv7UUTV9R2FobC8xN9mE0fXBZohum/xLl8IZVmE98Rq5ugQHjCgTBRKqpXRb4ORulRdA6Ig==",
        "dependencies": {
          "runtime.native.System.Data.SqlClient.sni": "4.7.0"
        }
      },
      "System.Diagnostics.EventLog": {
        "type": "Transitive",
        "resolved": "8.0.1",
        "contentHash": "n1ZP7NM2Gkn/MgD8+eOT5MulMj6wfeQMNS2Pizvq5GHCZfjlFMXV2irQlQmJhwA2VABC57M0auudO89Iu2uRLg=="
      },
      "System.Security.Cryptography.ProtectedData": {
        "type": "Transitive",
        "resolved": "8.0.0",
        "contentHash": "+TUFINV2q2ifyXauQXRwy4CiBhqvDEDZeVJU7qfxya4aRYOKzVBpN+4acx25VcPB9ywUN6C0n8drWl110PhZEg=="
      }
    },
    "net9.0": {
      "Catel.Analyzers": {
        "type": "Direct",
        "requested": "[7.0.0-alpha0322, )",
        "resolved": "7.0.0-alpha0322",
        "contentHash": "4/PrJ7+VKG3ngtntGdJcI9R5mv4Q9lC3AtO3e25i4OyKwB7t1L7qeVno/g/zO+l/brhW8kQ7O0b9ibCLMGEI2Q=="
      },
      "Catel.Core": {
        "type": "Direct",
        "requested": "[6.2.0-alpha0196, )",
        "resolved": "6.2.0-alpha0196",
        "contentHash": "cO+ley1eL9lPbP1fUeLjGSaRG1ul6Fa3SakW4LC4EB1fsnRsq00Qpon1CFiMLjVdNiBfk9B4qVt+ncmg5uLK5w==",
        "dependencies": {
          "System.Configuration.ConfigurationManager": "9.0.11"
        }
      },
      "Catel.Fody": {
        "type": "Direct",
        "requested": "[4.10.0, )",
        "resolved": "4.10.0",
        "contentHash": "cZtvXwFsfVMzEWXha7X33X+kEmmDDlAJsotuypmtJXgjSGJN6NCe/8hUd3N/ZhtLV9Z5OsNUW2xs/H9btfZ8Hw==",
        "dependencies": {
          "Fody": "6.9.2"
        }
      },
      "CatenaLogic.Analyzers": {
        "type": "Direct",
        "requested": "[1.5.0, )",
        "resolved": "1.5.0",
        "contentHash": "uBhAhVkEMMSFznzjo5ahaD+0y+4oXBZEMbQ0T/IvlehaQkLxIMAeaZS8HTL4barZVOWV63ctGhstwBDQEm5CnA=="
      },
      "EntityFramework": {
        "type": "Direct",
        "requested": "[6.5.1, )",
        "resolved": "6.5.1",
        "contentHash": "sQRP2lWg1i3aAGWqdliAM8zrGx7LHMUk+9/MoxUjwfTZYGMXvZ2JYZTlyTm1PqDxvn3c9E3U76TWDON7Y5+CVA==",
        "dependencies": {
          "System.CodeDom": "6.0.0",
          "System.Configuration.ConfigurationManager": "6.0.1",
          "System.Data.SqlClient": "4.8.6"
        }
      },
      "Fody": {
        "type": "Direct",
        "requested": "[6.9.3, )",
        "resolved": "6.9.3",
        "contentHash": "1CUGgFdyECDKgi5HaUBhdv6k+VG9Iy4OCforGfHyar3xQXAJypZkzymgKtWj/4SPd6nSG0Qi7NH71qHrDSZLaA=="
      },
      "IDisposableAnalyzers": {
        "type": "Direct",
        "requested": "[4.0.8, )",
        "resolved": "4.0.8",
        "contentHash": "vNi4NMG0CcJyjXxiNDcQ21FwV/whM9o9OEZKD+oP7tuxAqFEzX/x5OhC3OZJqW/w+8GOtCmJPBquYgMWgz0rfQ=="
      },
      "MethodTimer.Fody": {
        "type": "Direct",
        "requested": "[3.2.3, )",
        "resolved": "3.2.3",
        "contentHash": "1aa3NjixEUmsmdGzcCtcjSS83nDng79aSTwNe8PSWCkvuLRcEEEn2GvdJmM5ViIp8iIngFHjshM3EyzhaaOw0g==",
        "dependencies": {
          "Fody": "6.9.1"
        }
      },
      "Microsoft.AspNet.Identity.Core": {
        "type": "Direct",
        "requested": "[2.2.4, )",
        "resolved": "2.2.4",
        "contentHash": "s3u/o3iG5h0z7Ggukwo4soPwogD56ZrYbolGxTfw41zkuG6jAXUJT/V3EThqHJXGuCNvWSdSnnwAhPfT9Sn36g=="
      },
      "Microsoft.AspNet.Identity.EntityFramework": {
        "type": "Direct",
        "requested": "[2.2.4, )",
        "resolved": "2.2.4",
        "contentHash": "ay5FMSwNF0tb9KiC4l4aqm7D1E6Da9nU3euI/X0UD1SuumJX7OkZ9LtZjU9xT3xmou3XLXO8DDcgrW6udSQk6Q==",
        "dependencies": {
          "EntityFramework": "6.1.0",
          "Microsoft.AspNet.Identity.Core": "2.2.4"
        }
      },
      "NUnit.Analyzers": {
        "type": "Direct",
        "requested": "[4.15.0, )",
        "resolved": "4.15.0",
        "contentHash": "WbZpZI/gmrmTcb8JnP8poJBD4V6hJs2RRIQAmNxQ763t7RktZ/d6xxuU08XAd4K6SpnF0Bm02ADqL2wZ0CNIQA=="
      },
      "Obsolete.Fody": {
        "type": "Direct",
        "requested": "[5.3.1, )",
        "resolved": "5.3.1",
        "contentHash": "6R5IYsEK04D4komq1MAcN6psu0l7+OKXGw57ZDjXKHKstNl/xdCF2RSinq3raF72/iYsaLmyPzjEnv25Tm3uNA==",
        "dependencies": {
          "Fody": "6.9.1"
        }
      },
      "Orc.EntityFramework6": {
        "type": "Direct",
        "requested": "[5.1.0-alpha0813, )",
        "resolved": "5.1.0-alpha0813",
        "contentHash": "0QBPygfYC+nNt3cLsQApma05eaU3JSNY0Od19xj6eNlknDXsguSVGwPAK/nLToHfPhzgoCaFYLaqOGdHE7J87g==",
        "dependencies": {
          "Catel.Core": "6.2.0-alpha0196",
          "EntityFramework": "6.5.1"
        }
      },
      "Portable.Licensing": {
        "type": "Direct",
        "requested": "[1.1.0, )",
        "resolved": "1.1.0",
        "contentHash": "0DVAPvsfRzFluAQqij90UTcYXigoMR4oYEfX4cARzf3SBOIpdlFdooWKcFsNRskRb/R0Gkxp1Vzk2eKE2Oc6cw=="
      },
      "SourceLink.Copy.PdbFiles": {
        "type": "Direct",
        "requested": "[2.8.3, )",
        "resolved": "2.8.3",
        "contentHash": "cxlw1QHd/J7lOtSZ45VZMOsF/YSOlwZy0fCkauo9Ib9vOv+zGzjm9q3D8qGyMII0Zz1GSmli/oxhmUNuYUpc1g=="
      },
      "WpfAnalyzers": {
        "type": "Direct",
        "requested": "[4.1.1, )",
        "resolved": "4.1.1",
        "contentHash": "4+oLAk4gB4Wqn0ozKstB6fY9BafSU6c6GEgWjgOThyzHFBVqxihkS/1OmvEaYJnhjNUA/GOcZ6m2B7Xr2EePNw=="
      },
      "runtime.native.System.Data.SqlClient.sni": {
        "type": "Transitive",
        "resolved": "4.7.0",
        "contentHash": "9kyFSIdN3T0qjDQ2R0HRXYIhS3l5psBzQi6qqhdLz+SzFyEy4sVxNOke+yyYv8Cu8rPER12c3RDjLT8wF3WBYQ==",
        "dependencies": {
          "runtime.win-arm64.runtime.native.System.Data.SqlClient.sni": "4.4.0",
          "runtime.win-x64.runtime.native.System.Data.SqlClient.sni": "4.4.0",
          "runtime.win-x86.runtime.native.System.Data.SqlClient.sni": "4.4.0"
        }
      },
      "runtime.win-arm64.runtime.native.System.Data.SqlClient.sni": {
        "type": "Transitive",
        "resolved": "4.4.0",
        "contentHash": "LbrynESTp3bm5O/+jGL8v0Qg5SJlTV08lpIpFesXjF6uGNMWqFnUQbYBJwZTeua6E/Y7FIM1C54Ey1btLWupdg=="
      },
      "runtime.win-x64.runtime.native.System.Data.SqlClient.sni": {
        "type": "Transitive",
        "resolved": "4.4.0",
        "contentHash": "38ugOfkYJqJoX9g6EYRlZB5U2ZJH51UP8ptxZgdpS07FgOEToV+lS11ouNK2PM12Pr6X/PpT5jK82G3DwH/SxQ=="
      },
      "runtime.win-x86.runtime.native.System.Data.SqlClient.sni": {
        "type": "Transitive",
        "resolved": "4.4.0",
        "contentHash": "YhEdSQUsTx+C8m8Bw7ar5/VesXvCFMItyZF7G1AUY+OM0VPZUOeAVpJ4Wl6fydBGUYZxojTDR3I6Bj/+BPkJNA=="
      },
      "System.CodeDom": {
        "type": "Transitive",
        "resolved": "6.0.0",
        "contentHash": "CPc6tWO1LAer3IzfZufDBRL+UZQcj5uS207NHALQzP84Vp/z6wF0Aa0YZImOQY8iStY0A2zI/e3ihKNPfUm8XA=="
      },
      "System.Configuration.ConfigurationManager": {
        "type": "Transitive",
        "resolved": "9.0.11",
        "contentHash": "vPinosRgEk1CGjohbv0pDuz6gPprkWo5xvBTjOJjks5JOgOEWvPndq5NngGxiTcBcy1+k9GwzZ1c3Bp2fU5ezw==",
        "dependencies": {
          "System.Diagnostics.EventLog": "9.0.11",
          "System.Security.Cryptography.ProtectedData": "9.0.11"
        }
      },
      "System.Data.SqlClient": {
        "type": "Transitive",
        "resolved": "4.8.6",
        "contentHash": "2Ij/LCaTQRyAi5lAv7UUTV9R2FobC8xN9mE0fXBZohum/xLl8IZVmE98Rq5ugQHjCgTBRKqpXRb4ORulRdA6Ig==",
        "dependencies": {
          "runtime.native.System.Data.SqlClient.sni": "4.7.0"
        }
      },
      "System.Diagnostics.EventLog": {
        "type": "Transitive",
        "resolved": "9.0.11",
        "contentHash": "2Us/NchH6SM69NYWzf8NRyeftdv3ILso8LMiMdAjT7ECTiZKzddiXWhAyQj6ZzbddoAOHS9GdlPbAAkwCPID3Q=="
      },
      "System.Security.Cryptography.ProtectedData": {
        "type": "Transitive",
        "resolved": "9.0.11",
        "contentHash": "s8yUYuYYu+PAwvBdhLG1KyrGrk9gkYeuPxfAsXsTqqWyepwSyEw8hAaflW4nO98NG52YpYI1am2+9o+79h2RtQ=="
      }
    }
  }
}