
Microsoft Visual Studio Solution File, Format Version 12.00
# Visual Studio 15
VisualStudioVersion = 15.0.26020.0
MinimumVisualStudioVersion = 10.0.40219.1
Project("{2150E333-8FDC-42A3-9474-1A3956D46DE8}") = "src", "src", "{C1DA253A-2C9B-40E1-94DE-2D1F14F3B6ED}"
EndProject
Project("{2150E333-8FDC-42A3-9474-1A3956D46DE8}") = "Tests", "Tests", "{C7037131-F052-44C0-A4BF-E87B3D85976B}"
EndProject
Project("{2150E333-8FDC-42A3-9474-1A3956D46DE8}") = "data", "data", "{F293D31F-3E46-4CBA-B32C-98ECC2DDEE18}"
	ProjectSection(SolutionItems) = preProject
		..\data\FakeLicenseInfo.txt = ..\data\FakeLicenseInfo.txt
	EndProjectSection
EndProject
Project("{2150E333-8FDC-42A3-9474-1A3956D46DE8}") = "Server", "Server", "{091017C1-FAC1-4734-AF27-81A4B02CB08F}"
EndProject
Project("{2150E333-8FDC-42A3-9474-1A3956D46DE8}") = "misc", "misc", "{008D3308-EA4B-4F0D-9622-249600E5E016}"
	ProjectSection(SolutionItems) = preProject
		Directory.build.project.props = Directory.build.project.props
		Directory.build.props = Directory.build.props
		Directory.build.shared.explicit.props = Directory.build.shared.explicit.props
		Directory.build.shared.implicit.props = Directory.build.shared.implicit.props
		Directory.build.shared.mat.props = Directory.build.shared.mat.props
		Directory.build.targets = Directory.build.targets
		GlobalSuppressions.cs = GlobalSuppressions.cs
		NuGet.config = NuGet.config
		Orc.LicenseManager.sln.DotSettings = Orc.LicenseManager.sln.DotSettings
		SolutionAssemblyInfo.cs = SolutionAssemblyInfo.cs
	EndProjectSection
EndProject
Project("{2150E333-8FDC-42A3-9474-1A3956D46DE8}") = "Client", "Client", "{D02E58A6-EF14-4F72-9BAC-0D7D21F1E93C}"
EndProject
Project("{2150E333-8FDC-42A3-9474-1A3956D46DE8}") = "Examples", "Examples", "{D118DB17-17CB-4143-A296-7281B4656463}"
EndProject
Project("{9A19103F-16F7-4668-BE54-9A1E7A4F7556}") = "Orc.LicenseManager.Client", "Orc.LicenseManager.Client\Orc.LicenseManager.Client.csproj", "{673E6FB6-2042-44D0-9767-A41B45DAD42E}"
EndProject
Project("{9A19103F-16F7-4668-BE54-9A1E7A4F7556}") = "Orc.LicenseManager.Client.WPF", "Orc.LicenseManager.Client.WPF\Orc.LicenseManager.Client.WPF.csproj", "{3C2F09AC-F23F-439F-BB6F-A502241CA829}"
EndProject
Project("{9A19103F-16F7-4668-BE54-9A1E7A4F7556}") = "Orc.LicenseManager.Client.WPF.Example", "Orc.LicenseManager.Client.WPF.Example\Orc.LicenseManager.Client.WPF.Example.csproj", "{F797C9A9-5740-42A1-B6E4-1A99F0851A72}"
EndProject
Project("{9A19103F-16F7-4668-BE54-9A1E7A4F7556}") = "Orc.LicenseManager.Server", "Orc.LicenseManager.Server\Orc.LicenseManager.Server.csproj", "{42E112E3-4CB2-4274-AA21-7B952D488F8D}"
EndProject
Project("{FAE04EC0-301F-11D3-BF4B-00C04F79EFBC}") = "Orc.LicenseManager.Server.Website", "Orc.LicenseManager.Server.Website\Orc.LicenseManager.Server.Website.csproj", "{F4CABAF1-4C10-4E01-B51C-6B6EDF55EF11}"
EndProject
Project("{9A19103F-16F7-4668-BE54-9A1E7A4F7556}") = "Orc.LicenseManager.Tests", "Orc.LicenseManager.Tests\Orc.LicenseManager.Tests.csproj", "{9FE19B06-29A8-4D6E-824E-DB6B7C959881}"
EndProject
Global
	GlobalSection(SolutionConfigurationPlatforms) = preSolution
		Debug|Any CPU = Debug|Any CPU
		Release|Any CPU = Release|Any CPU
	EndGlobalSection
	GlobalSection(ProjectConfigurationPlatforms) = postSolution
		{673E6FB6-2042-44D0-9767-A41B45DAD42E}.Debug|Any CPU.ActiveCfg = Debug|Any CPU
		{673E6FB6-2042-44D0-9767-A41B45DAD42E}.Debug|Any CPU.Build.0 = Debug|Any CPU
		{673E6FB6-2042-44D0-9767-A41B45DAD42E}.Release|Any CPU.ActiveCfg = Release|Any CPU
		{673E6FB6-2042-44D0-9767-A41B45DAD42E}.Release|Any CPU.Build.0 = Release|Any CPU
		{3C2F09AC-F23F-439F-BB6F-A502241CA829}.Debug|Any CPU.ActiveCfg = Debug|Any CPU
		{3C2F09AC-F23F-439F-BB6F-A502241CA829}.Debug|Any CPU.Build.0 = Debug|Any CPU
		{3C2F09AC-F23F-439F-BB6F-A502241CA829}.Release|Any CPU.ActiveCfg = Release|Any CPU
		{3C2F09AC-F23F-439F-BB6F-A502241CA829}.Release|Any CPU.Build.0 = Release|Any CPU
		{F797C9A9-5740-42A1-B6E4-1A99F0851A72}.Debug|Any CPU.ActiveCfg = Debug|Any CPU
		{F797C9A9-5740-42A1-B6E4-1A99F0851A72}.Debug|Any CPU.Build.0 = Debug|Any CPU
		{F797C9A9-5740-42A1-B6E4-1A99F0851A72}.Release|Any CPU.ActiveCfg = Release|Any CPU
		{F797C9A9-5740-42A1-B6E4-1A99F0851A72}.Release|Any CPU.Build.0 = Release|Any CPU
		{42E112E3-4CB2-4274-AA21-7B952D488F8D}.Debug|Any CPU.ActiveCfg = Debug|Any CPU
		{42E112E3-4CB2-4274-AA21-7B952D488F8D}.Debug|Any CPU.Build.0 = Debug|Any CPU
		{42E112E3-4CB2-4274-AA21-7B952D488F8D}.Release|Any CPU.ActiveCfg = Release|Any CPU
		{42E112E3-4CB2-4274-AA21-7B952D488F8D}.Release|Any CPU.Build.0 = Release|Any CPU
		{F4CABAF1-4C10-4E01-B51C-6B6EDF55EF11}.Debug|Any CPU.ActiveCfg = Debug|Any CPU
		{F4CABAF1-4C10-4E01-B51C-6B6EDF55EF11}.Debug|Any CPU.Build.0 = Debug|Any CPU
		{F4CABAF1-4C10-4E01-B51C-6B6EDF55EF11}.Release|Any CPU.ActiveCfg = Release|Any CPU
		{F4CABAF1-4C10-4E01-B51C-6B6EDF55EF11}.Release|Any CPU.Build.0 = Release|Any CPU
		{9FE19B06-29A8-4D6E-824E-DB6B7C959881}.Debug|Any CPU.ActiveCfg = Debug|Any CPU
		{9FE19B06-29A8-4D6E-824E-DB6B7C959881}.Debug|Any CPU.Build.0 = Debug|Any CPU
		{9FE19B06-29A8-4D6E-824E-DB6B7C959881}.Release|Any CPU.ActiveCfg = Release|Any CPU
		{9FE19B06-29A8-4D6E-824E-DB6B7C959881}.Release|Any CPU.Build.0 = Release|Any CPU
	EndGlobalSection
	GlobalSection(SolutionProperties) = preSolution
		HideSolutionNode = FALSE
	EndGlobalSection
	GlobalSection(NestedProjects) = preSolution
		{C7037131-F052-44C0-A4BF-E87B3D85976B} = {C1DA253A-2C9B-40E1-94DE-2D1F14F3B6ED}
		{091017C1-FAC1-4734-AF27-81A4B02CB08F} = {C1DA253A-2C9B-40E1-94DE-2D1F14F3B6ED}
		{D02E58A6-EF14-4F72-9BAC-0D7D21F1E93C} = {C1DA253A-2C9B-40E1-94DE-2D1F14F3B6ED}
		{D118DB17-17CB-4143-A296-7281B4656463} = {C1DA253A-2C9B-40E1-94DE-2D1F14F3B6ED}
		{673E6FB6-2042-44D0-9767-A41B45DAD42E} = {D02E58A6-EF14-4F72-9BAC-0D7D21F1E93C}
		{3C2F09AC-F23F-439F-BB6F-A502241CA829} = {D02E58A6-EF14-4F72-9BAC-0D7D21F1E93C}
		{F797C9A9-5740-42A1-B6E4-1A99F0851A72} = {D118DB17-17CB-4143-A296-7281B4656463}
		{42E112E3-4CB2-4274-AA21-7B952D488F8D} = {091017C1-FAC1-4734-AF27-81A4B02CB08F}
		{F4CABAF1-4C10-4E01-B51C-6B6EDF55EF11} = {091017C1-FAC1-4734-AF27-81A4B02CB08F}
		{9FE19B06-29A8-4D6E-824E-DB6B7C959881} = {C7037131-F052-44C0-A4BF-E87B3D85976B}
	EndGlobalSection
	GlobalSection(ExtensibilityGlobals) = postSolution
		SolutionGuid = {6FE67B7B-E78D-4A87-87F4-8C2E87972993}
	EndGlobalSection
EndGlobal
